
Microsoft Visual Studio Solution File, Format Version 12.00
# Visual Studio Version 16
VisualStudioVersion = 16.0.30114.105
MinimumVisualStudioVersion = 10.0.40219.1
Project("{FAE04EC0-301F-11D3-BF4B-00C04F79EFBC}") = "DaisysDayCare.UI", "DaisysDayCare.UI\DaisysDayCare.UI.csproj", "{3B5C0EC0-D77A-40E7-BCCE-E6D09E1C8DD0}"
EndProject
Project("{FAE04EC0-301F-11D3-BF4B-00C04F79EFBC}") = "DaisysDayCare.Momento", "DaisysDayCare.Momento\DaisysDayCare.Momento.csproj", "{78046110-F4B0-45A2-AA1A-7BA6E8602A37}"
EndProject
Project("{FAE04EC0-301F-11D3-BF4B-00C04F79EFBC}") = "DaisysDayCare.Data", "DaisysDayCare.Data\DaisysDayCare.Data.csproj", "{F5737DE2-A78D-407F-B5ED-F298F4C36A99}"
EndProject
Global
	GlobalSection(SolutionProperties) = preSolution
		HideSolutionNode = FALSE
	EndGlobalSection
	GlobalSection(SolutionConfigurationPlatforms) = preSolution
		Debug|Any CPU = Debug|Any CPU
		Debug|x64 = Debug|x64
		Debug|x86 = Debug|x86
		Release|Any CPU = Release|Any CPU
		Release|x64 = Release|x64
		Release|x86 = Release|x86
	EndGlobalSection
	GlobalSection(ProjectConfigurationPlatforms) = postSolution
		{3B5C0EC0-D77A-40E7-BCCE-E6D09E1C8DD0}.Debug|Any CPU.ActiveCfg = Debug|Any CPU
		{3B5C0EC0-D77A-40E7-BCCE-E6D09E1C8DD0}.Debug|Any CPU.Build.0 = Debug|Any CPU
		{3B5C0EC0-D77A-40E7-BCCE-E6D09E1C8DD0}.Debug|x64.ActiveCfg = Debug|Any CPU
		{3B5C0EC0-D77A-40E7-BCCE-E6D09E1C8DD0}.Debug|x64.Build.0 = Debug|Any CPU
		{3B5C0EC0-D77A-40E7-BCCE-E6D09E1C8DD0}.Debug|x86.ActiveCfg = Debug|Any CPU
		{3B5C0EC0-D77A-40E7-BCCE-E6D09E1C8DD0}.Debug|x86.Build.0 = Debug|Any CPU
		{3B5C0EC0-D77A-40E7-BCCE-E6D09E1C8DD0}.Release|Any CPU.ActiveCfg = Release|Any CPU
		{3B5C0EC0-D77A-40E7-BCCE-E6D09E1C8DD0}.Release|Any CPU.Build.0 = Release|Any CPU
		{3B5C0EC0-D77A-40E7-BCCE-E6D09E1C8DD0}.Release|x64.ActiveCfg = Release|Any CPU
		{3B5C0EC0-D77A-40E7-BCCE-E6D09E1C8DD0}.Release|x64.Build.0 = Release|Any CPU
		{3B5C0EC0-D77A-40E7-BCCE-E6D09E1C8DD0}.Release|x86.ActiveCfg = Release|Any CPU
		{3B5C0EC0-D77A-40E7-BCCE-E6D09E1C8DD0}.Release|x86.Build.0 = Release|Any CPU
		{78046110-F4B0-45A2-AA1A-7BA6E8602A37}.Debug|Any CPU.ActiveCfg = Debug|Any CPU
		{78046110-F4B0-45A2-AA1A-7BA6E8602A37}.Debug|Any CPU.Build.0 = Debug|Any CPU
		{78046110-F4B0-45A2-AA1A-7BA6E8602A37}.Debug|x64.ActiveCfg = Debug|Any CPU
		{78046110-F4B0-45A2-AA1A-7BA6E8602A37}.Debug|x64.Build.0 = Debug|Any CPU
		{78046110-F4B0-45A2-AA1A-7BA6E8602A37}.Debug|x86.ActiveCfg = Debug|Any CPU
		{78046110-F4B0-45A2-AA1A-7BA6E8602A37}.Debug|x86.Build.0 = Debug|Any CPU
		{78046110-F4B0-45A2-AA1A-7BA6E8602A37}.Release|Any CPU.ActiveCfg = Release|Any CPU
		{78046110-F4B0-45A2-AA1A-7BA6E8602A37}.Release|Any CPU.Build.0 = Release|Any CPU
		{78046110-F4B0-45A2-AA1A-7BA6E8602A37}.Release|x64.ActiveCfg = Release|Any CPU
		{78046110-F4B0-45A2-AA1A-7BA6E8602A37}.Release|x64.Build.0 = Release|Any CPU
		{78046110-F4B0-45A2-AA1A-7BA6E8602A37}.Release|x86.ActiveCfg = Release|Any CPU
		{78046110-F4B0-45A2-AA1A-7BA6E8602A37}.Release|x86.Build.0 = Release|Any CPU
		{F5737DE2-A78D-407F-B5ED-F298F4C36A99}.Debug|Any CPU.ActiveCfg = Debug|Any CPU
		{F5737DE2-A78D-407F-B5ED-F298F4C36A99}.Debug|Any CPU.Build.0 = Debug|Any CPU
		{F5737DE2-A78D-407F-B5ED-F298F4C36A99}.Debug|x64.ActiveCfg = Debug|Any CPU
		{F5737DE2-A78D-407F-B5ED-F298F4C36A99}.Debug|x64.Build.0 = Debug|Any CPU
		{F5737DE2-A78D-407F-B5ED-F298F4C36A99}.Debug|x86.ActiveCfg = Debug|Any CPU
		{F5737DE2-A78D-407F-B5ED-F298F4C36A99}.Debug|x86.Build.0 = Debug|Any CPU
		{F5737DE2-A78D-407F-B5ED-F298F4C36A99}.Release|Any CPU.ActiveCfg = Release|Any CPU
		{F5737DE2-A78D-407F-B5ED-F298F4C36A99}.Release|Any CPU.Build.0 = Release|Any CPU
		{F5737DE2-A78D-407F-B5ED-F298F4C36A99}.Release|x64.ActiveCfg = Release|Any CPU
		{F5737DE2-A78D-407F-B5ED-F298F4C36A99}.Release|x64.Build.0 = Release|Any CPU
		{F5737DE2-A78D-407F-B5ED-F298F4C36A99}.Release|x86.ActiveCfg = Release|Any CPU
		{F5737DE2-A78D-407F-B5ED-F298F4C36A99}.Release|x86.Build.0 = Release|Any CPU
	EndGlobalSection
EndGlobal
